
Microsoft Visual Studio Solution File, Format Version 12.00
# Visual Studio Version 16
VisualStudioVersion = 16.0.30804.86
MinimumVisualStudioVersion = 10.0.40219.1
Project("{FAE04EC0-301F-11D3-BF4B-00C04F79EFBC}") = "net.bot.beta", "net.bot.beta\net.bot.beta.csproj", "{5023EEF0-F5B8-480A-A594-18C210AAEF00}"
EndProject
Global
	GlobalSection(SolutionConfigurationPlatforms) = preSolution
		Debug|Any CPU = Debug|Any CPU
		Release|Any CPU = Release|Any CPU
	EndGlobalSection
	GlobalSection(ProjectConfigurationPlatforms) = postSolution
		{5023EEF0-F5B8-480A-A594-18C210AAEF00}.Debug|Any CPU.ActiveCfg = Debug|Any CPU
		{5023EEF0-F5B8-480A-A594-18C210AAEF00}.Debug|Any CPU.Build.0 = Debug|Any CPU
		{5023EEF0-F5B8-480A-A594-18C210AAEF00}.Release|Any CPU.ActiveCfg = Release|Any CPU
		{5023EEF0-F5B8-480A-A594-18C210AAEF00}.Release|Any CPU.Build.0 = Release|Any CPU
	EndGlobalSection
	GlobalSection(SolutionProperties) = preSolution
		HideSolutionNode = FALSE
	EndGlobalSection
	GlobalSection(ExtensibilityGlobals) = postSolution
		SolutionGuid = {1D290EEB-4FB2-4F6E-AF68-67F34656F199}
	EndGlobalSection
EndGlobal
